version = 1
requires-python = ">=3.13"

[[package]]
name = "aiohappyeyeballs"
version = "2.4.3"
source = { registry = "https://pypi.org/simple" }
sdist = { url = "https://files.pythonhosted.org/packages/bc/69/2f6d5a019bd02e920a3417689a89887b39ad1e350b562f9955693d900c40/aiohappyeyeballs-2.4.3.tar.gz", hash = "sha256:75cf88a15106a5002a8eb1dab212525c00d1f4c0fa96e551c9fbe6f09a621586", size = 21809 }
wheels = [
    { url = "https://files.pythonhosted.org/packages/f7/d8/120cd0fe3e8530df0539e71ba9683eade12cae103dd7543e50d15f737917/aiohappyeyeballs-2.4.3-py3-none-any.whl", hash = "sha256:8a7a83727b2756f394ab2895ea0765a0a8c475e3c71e98d43d76f22b4b435572", size = 14742 },
]

[[package]]
name = "aiohttp"
version = "3.10.9"
source = { registry = "https://pypi.org/simple" }
dependencies = [
    { name = "aiohappyeyeballs" },
    { name = "aiosignal" },
    { name = "attrs" },
    { name = "frozenlist" },
    { name = "multidict" },
    { name = "yarl" },
]
sdist = { url = "https://files.pythonhosted.org/packages/14/40/f08c5d26398f987c1a27e1e351a4b461a01ffdbf9dde429c980db5286c92/aiohttp-3.10.9.tar.gz", hash = "sha256:143b0026a9dab07a05ad2dd9e46aa859bffdd6348ddc5967b42161168c24f857", size = 7541983 }
wheels = [
    { url = "https://files.pythonhosted.org/packages/1c/60/36e4b9f165b715b33eb09c199e0b748876bb7ef3480845688e93ff624172/aiohttp-3.10.9-cp313-cp313-macosx_10_13_universal2.whl", hash = "sha256:2bd9f3eac515c16c4360a6a00c38119333901b8590fe93c3257a9b536026594d", size = 576520 },
    { url = "https://files.pythonhosted.org/packages/24/51/1912195eda818b968f257b9774e2aa48b86d61853cecbbb85c7e85c1ea1a/aiohttp-3.10.9-cp313-cp313-macosx_10_13_x86_64.whl", hash = "sha256:8cc0d13b4e3b1362d424ce3f4e8c79e1f7247a00d792823ffd640878abf28e56", size = 392311 },
    { url = "https://files.pythonhosted.org/packages/9f/3a/a5dd75d9fc06fa1791b327a3045c78ae2fa621f066da44db11aebbd8ac4a/aiohttp-3.10.9-cp313-cp313-macosx_11_0_arm64.whl", hash = "sha256:ba1a599255ad6a41022e261e31bc2f6f9355a419575b391f9655c4d9e5df5ff5", size = 387829 },
    { url = "https://files.pythonhosted.org/packages/ee/7a/fdf393519f72152b8b6a33dd9c8d4553517358a2df72c78a0c15542df77d/aiohttp-3.10.9-cp313-cp313-manylinux_2_17_aarch64.manylinux2014_aarch64.whl", hash = "sha256:776e9f3c9b377fcf097c4a04b241b15691e6662d850168642ff976780609303c", size = 1287492 },
    { url = "https://files.pythonhosted.org/packages/00/fb/b783999286077dbe41b99cc5ce34f71fb0e3d68621fc8603ad39d518c229/aiohttp-3.10.9-cp313-cp313-manylinux_2_17_ppc64le.manylinux2014_ppc64le.whl", hash = "sha256:8debb45545ad95b58cc16c3c1cc19ad82cffcb106db12b437885dbee265f0ab5", size = 1324034 },
    { url = "https://files.pythonhosted.org/packages/8a/43/bdc6215f327da8236972fd15c31ad349100a2a2b186558ddf76e48b66296/aiohttp-3.10.9-cp313-cp313-manylinux_2_17_s390x.manylinux2014_s390x.whl", hash = "sha256:c2555e4949c8d8782f18ef20e9d39730d2656e218a6f1a21a4c4c0b56546a02e", size = 1368824 },
    { url = "https://files.pythonhosted.org/packages/0c/c9/a366ae87c0a3e9140623a4d84511e65299b35cf8a1dd2880ff245fe480c3/aiohttp-3.10.9-cp313-cp313-manylinux_2_17_x86_64.manylinux2014_x86_64.whl", hash = "sha256:c54dc329cd44f7f7883a9f4baaefe686e8b9662e2c6c184ea15cceee587d8d69", size = 1283182 },
    { url = "https://files.pythonhosted.org/packages/34/cd/f7d222dc983c0e2d625a00c449b923fdfa8c40f56154d2da9483ee9d3b92/aiohttp-3.10.9-cp313-cp313-manylinux_2_5_i686.manylinux1_i686.manylinux_2_17_i686.manylinux2014_i686.whl", hash = "sha256:e709d6ac598c5416f879bb1bae3fd751366120ac3fa235a01de763537385d036", size = 1236935 },
    { url = "https://files.pythonhosted.org/packages/c3/a3/379086cd1f193f63f8b5b8cb348df6b5aa43e8eda3dd9b1b5748fa0c0090/aiohttp-3.10.9-cp313-cp313-musllinux_1_2_aarch64.whl", hash = "sha256:17c272cfe7b07a5bb0c6ad3f234e0c336fb53f3bf17840f66bd77b5815ab3d16", size = 1250756 },
    { url = "https://files.pythonhosted.org/packages/44/c2/463d898c6aa0202fc0165aec0bd8d71f1db5876f40d7d297914af7490df4/aiohttp-3.10.9-cp313-cp313-musllinux_1_2_i686.whl", hash = "sha256:0c21c82df33b264216abffff9f8370f303dab65d8eee3767efbbd2734363f677", size = 1249367 },
    { url = "https://files.pythonhosted.org/packages/c0/8f/90c365019d84f90cec9c43d6df8ec97ada513a7610aaa0936bae6cf2bbe0/aiohttp-3.10.9-cp313-cp313-musllinux_1_2_ppc64le.whl", hash = "sha256:9331dd34145ff105177855017920dde140b447049cd62bb589de320fd6ddd582", size = 1293795 },
    { url = "https://files.pythonhosted.org/packages/8e/62/174aa729cb83d5bbbd13715e463181d3c19c13231304fafba3cc20f7b850/aiohttp-3.10.9-cp313-cp313-musllinux_1_2_s390x.whl", hash = "sha256:ac3196952c673822ebed8871cf8802e17254fff2a2ed4835d9c045d9b88c5ec7", size = 1320527 },
    { url = "https://files.pythonhosted.org/packages/96/f7/102a9a8d3eef0d5d301328feb7ddecac9f78808589c6186497256c80b3d9/aiohttp-3.10.9-cp313-cp313-musllinux_1_2_x86_64.whl", hash = "sha256:2c33fa6e10bb7ed262e3ff03cc69d52869514f16558db0626a7c5c61dde3c29f", size = 1281964 },
    { url = "https://files.pythonhosted.org/packages/ab/e2/0c9ef8acfdbe6bd417a8989bc95f5e28ce1af475eb941334b2c9a751d01b/aiohttp-3.10.9-cp313-cp313-win32.whl", hash = "sha256:a14e4b672c257a6b94fe934ee62666bacbc8e45b7876f9dd9502d0f0fe69db16", size = 357936 },
    { url = "https://files.pythonhosted.org/packages/71/c0/6d33ac32bfbf9dd91a16c26bc37dd4763084d7f991dc848655d34e31291a/aiohttp-3.10.9-cp313-cp313-win_amd64.whl", hash = "sha256:a35ed3d03910785f7d9d6f5381f0c24002b2b888b298e6f941b2fc94c5055fcd", size = 377205 },
]

[[package]]
name = "aiohttp-jinja2"
version = "1.6"
source = { registry = "https://pypi.org/simple" }
dependencies = [
    { name = "aiohttp" },
    { name = "jinja2" },
]
sdist = { url = "https://files.pythonhosted.org/packages/e6/39/da5a94dd89b1af7241fb7fc99ae4e73505b5f898b540b6aba6dc7afe600e/aiohttp-jinja2-1.6.tar.gz", hash = "sha256:a3a7ff5264e5bca52e8ae547bbfd0761b72495230d438d05b6c0915be619b0e2", size = 53057 }
wheels = [
    { url = "https://files.pythonhosted.org/packages/eb/90/65238d4246307195411b87a07d03539049819b022c01bcc773826f600138/aiohttp_jinja2-1.6-py3-none-any.whl", hash = "sha256:0df405ee6ad1b58e5a068a105407dc7dcc1704544c559f1938babde954f945c7", size = 11736 },
]

[[package]]
name = "aiosignal"
version = "1.3.1"
source = { registry = "https://pypi.org/simple" }
dependencies = [
    { name = "frozenlist" },
]
sdist = { url = "https://files.pythonhosted.org/packages/ae/67/0952ed97a9793b4958e5736f6d2b346b414a2cd63e82d05940032f45b32f/aiosignal-1.3.1.tar.gz", hash = "sha256:54cd96e15e1649b75d6c87526a6ff0b6c1b0dd3459f43d9ca11d48c339b68cfc", size = 19422 }
wheels = [
    { url = "https://files.pythonhosted.org/packages/76/ac/a7305707cb852b7e16ff80eaf5692309bde30e2b1100a1fcacdc8f731d97/aiosignal-1.3.1-py3-none-any.whl", hash = "sha256:f8376fb07dd1e86a584e4fcdec80b36b7f81aac666ebc724e2c090300dd83b17", size = 7617 },
]

[[package]]
name = "attrs"
version = "24.2.0"
source = { registry = "https://pypi.org/simple" }
sdist = { url = "https://files.pythonhosted.org/packages/fc/0f/aafca9af9315aee06a89ffde799a10a582fe8de76c563ee80bbcdc08b3fb/attrs-24.2.0.tar.gz", hash = "sha256:5cfb1b9148b5b086569baec03f20d7b6bf3bcacc9a42bebf87ffaaca362f6346", size = 792678 }
wheels = [
    { url = "https://files.pythonhosted.org/packages/6a/21/5b6702a7f963e95456c0de2d495f67bf5fd62840ac655dc451586d23d39a/attrs-24.2.0-py3-none-any.whl", hash = "sha256:81921eb96de3191c8258c199618104dd27ac608d9366f5e35d011eae1867ede2", size = 63001 },
]

[[package]]
name = "basedpyright"
version = "1.18.3"
source = { registry = "https://pypi.org/simple" }
dependencies = [
    { name = "nodejs-wheel-binaries" },
]
sdist = { url = "https://files.pythonhosted.org/packages/31/6c/ba1bfd64daad2194884ad5e8c7e59fafd0430f84fcc2f9cfc674e6de1424/basedpyright-1.18.3.tar.gz", hash = "sha256:996215cee36a504447678d5d26ec0f7932d7c8f9ff187b69ca8314e11dd5034d", size = 53321548 }
wheels = [
    { url = "https://files.pythonhosted.org/packages/f5/18/afd6a22792eaa93150889a0d573095c025d3154a4a3d638fff5cd501ed07/basedpyright-1.18.3-py3-none-any.whl", hash = "sha256:e2f060999004fe92d61d150d8e32fda35a73af2f237fdc41583d9cd7b08cb4c5", size = 11166128 },
]

[[package]]
name = "clacktile"
version = "0.1.0"
source = { editable = "." }
dependencies = [
    { name = "iterdot" },
    { name = "textual" },
]

[package.dev-dependencies]
dev = [
    { name = "basedpyright" },
    { name = "pytest" },
    { name = "ruff" },
    { name = "textual-dev" },
]

[package.metadata]
requires-dist = [
    { name = "iterdot", specifier = ">=0.2.2" },
    { name = "textual", specifier = ">=0.82.0" },
]

[package.metadata.requires-dev]
dev = [
    { name = "basedpyright", specifier = ">=1.18.3" },
    { name = "pytest", specifier = ">=8.3.3" },
    { name = "ruff", specifier = ">=0.6.9" },
    { name = "textual-dev", specifier = ">=1.6.1" },
]

[[package]]
name = "click"
version = "8.1.7"
source = { registry = "https://pypi.org/simple" }
dependencies = [
    { name = "colorama", marker = "platform_system == 'Windows'" },
]
sdist = { url = "https://files.pythonhosted.org/packages/96/d3/f04c7bfcf5c1862a2a5b845c6b2b360488cf47af55dfa79c98f6a6bf98b5/click-8.1.7.tar.gz", hash = "sha256:ca9853ad459e787e2192211578cc907e7594e294c7ccc834310722b41b9ca6de", size = 336121 }
wheels = [
    { url = "https://files.pythonhosted.org/packages/00/2e/d53fa4befbf2cfa713304affc7ca780ce4fc1fd8710527771b58311a3229/click-8.1.7-py3-none-any.whl", hash = "sha256:ae74fb96c20a0277a1d615f1e4d73c8414f5a98db8b799a7931d1582f3390c28", size = 97941 },
]

[[package]]
name = "colorama"
version = "0.4.6"
source = { registry = "https://pypi.org/simple" }
sdist = { url = "https://files.pythonhosted.org/packages/d8/53/6f443c9a4a8358a93a6792e2acffb9d9d5cb0a5cfd8802644b7b1c9a02e4/colorama-0.4.6.tar.gz", hash = "sha256:08695f5cb7ed6e0531a20572697297273c47b8cae5a63ffc6d6ed5c201be6e44", size = 27697 }
wheels = [
    { url = "https://files.pythonhosted.org/packages/d1/d6/3965ed04c63042e047cb6a3e6ed1a63a35087b6a609aa3a15ed8ac56c221/colorama-0.4.6-py2.py3-none-any.whl", hash = "sha256:4f1d9991f5acc0ca119f9d443620b77f9d6b33703e51011c16baf57afb285fc6", size = 25335 },
]

[[package]]
name = "frozenlist"
version = "1.4.1"
source = { registry = "https://pypi.org/simple" }
sdist = { url = "https://files.pythonhosted.org/packages/cf/3d/2102257e7acad73efc4a0c306ad3953f68c504c16982bbdfee3ad75d8085/frozenlist-1.4.1.tar.gz", hash = "sha256:c037a86e8513059a2613aaba4d817bb90b9d9b6b69aace3ce9c877e8c8ed402b", size = 37820 }
wheels = [
    { url = "https://files.pythonhosted.org/packages/83/10/466fe96dae1bff622021ee687f68e5524d6392b0a2f80d05001cd3a451ba/frozenlist-1.4.1-py3-none-any.whl", hash = "sha256:04ced3e6a46b4cfffe20f9ae482818e34eba9b5fb0ce4056e4cc9b6e212d09b7", size = 11552 },
]

[[package]]
name = "idna"
version = "3.10"
source = { registry = "https://pypi.org/simple" }
sdist = { url = "https://files.pythonhosted.org/packages/f1/70/7703c29685631f5a7590aa73f1f1d3fa9a380e654b86af429e0934a32f7d/idna-3.10.tar.gz", hash = "sha256:12f65c9b470abda6dc35cf8e63cc574b1c52b11df2c86030af0ac09b01b13ea9", size = 190490 }
wheels = [
    { url = "https://files.pythonhosted.org/packages/76/c6/c88e154df9c4e1a2a66ccf0005a88dfb2650c1dffb6f5ce603dfbd452ce3/idna-3.10-py3-none-any.whl", hash = "sha256:946d195a0d259cbba61165e88e65941f16e9b36ea6ddb97f00452bae8b1287d3", size = 70442 },
]

[[package]]
name = "iniconfig"
version = "2.0.0"
source = { registry = "https://pypi.org/simple" }
sdist = { url = "https://files.pythonhosted.org/packages/d7/4b/cbd8e699e64a6f16ca3a8220661b5f83792b3017d0f79807cb8708d33913/iniconfig-2.0.0.tar.gz", hash = "sha256:2d91e135bf72d31a410b17c16da610a82cb55f6b0477d1a902134b24a455b8b3", size = 4646 }
wheels = [
    { url = "https://files.pythonhosted.org/packages/ef/a6/62565a6e1cf69e10f5727360368e451d4b7f58beeac6173dc9db836a5b46/iniconfig-2.0.0-py3-none-any.whl", hash = "sha256:b6a85871a79d2e3b22d2d1b94ac2824226a63c6b741c88f7ae975f18b6778374", size = 5892 },
]

[[package]]
name = "iterdot"
version = "0.2.2"
source = { registry = "https://pypi.org/simple" }
sdist = { url = "https://files.pythonhosted.org/packages/9a/4e/f6d7055283997a1cd81b76ab16ff1d298f61bab3b17d146a30b14c61ea6c/iterdot-0.2.2.tar.gz", hash = "sha256:109a4993ad672a1048c5aa3c993bb9e036d4071ab335bbc6131eb3f2b88d1f43", size = 23540 }
wheels = [
    { url = "https://files.pythonhosted.org/packages/c4/88/d3dfb5d9dd429b8679bc7fdb7480229ec5a70ff51ae188ed1461d65bf105/iterdot-0.2.2-py3-none-any.whl", hash = "sha256:81c1d03ee6e3a17412cc772576847a90178aca57c9e6fd714073fef30ab1bbf4", size = 14726 },
]

[[package]]
name = "jinja2"
version = "3.1.4"
source = { registry = "https://pypi.org/simple" }
dependencies = [
    { name = "markupsafe" },
]
sdist = { url = "https://files.pythonhosted.org/packages/ed/55/39036716d19cab0747a5020fc7e907f362fbf48c984b14e62127f7e68e5d/jinja2-3.1.4.tar.gz", hash = "sha256:4a3aee7acbbe7303aede8e9648d13b8bf88a429282aa6122a993f0ac800cb369", size = 240245 }
wheels = [
    { url = "https://files.pythonhosted.org/packages/31/80/3a54838c3fb461f6fec263ebf3a3a41771bd05190238de3486aae8540c36/jinja2-3.1.4-py3-none-any.whl", hash = "sha256:bc5dd2abb727a5319567b7a813e6a2e7318c39f4f487cfe6c89c6f9c7d25197d", size = 133271 },
]

[[package]]
name = "linkify-it-py"
version = "2.0.3"
source = { registry = "https://pypi.org/simple" }
dependencies = [
    { name = "uc-micro-py" },
]
sdist = { url = "https://files.pythonhosted.org/packages/2a/ae/bb56c6828e4797ba5a4821eec7c43b8bf40f69cda4d4f5f8c8a2810ec96a/linkify-it-py-2.0.3.tar.gz", hash = "sha256:68cda27e162e9215c17d786649d1da0021a451bdc436ef9e0fa0ba5234b9b048", size = 27946 }
wheels = [
    { url = "https://files.pythonhosted.org/packages/04/1e/b832de447dee8b582cac175871d2f6c3d5077cc56d5575cadba1fd1cccfa/linkify_it_py-2.0.3-py3-none-any.whl", hash = "sha256:6bcbc417b0ac14323382aef5c5192c0075bf8a9d6b41820a2b66371eac6b6d79", size = 19820 },
]

[[package]]
name = "markdown-it-py"
version = "3.0.0"
source = { registry = "https://pypi.org/simple" }
dependencies = [
    { name = "mdurl" },
]
sdist = { url = "https://files.pythonhosted.org/packages/38/71/3b932df36c1a044d397a1f92d1cf91ee0a503d91e470cbd670aa66b07ed0/markdown-it-py-3.0.0.tar.gz", hash = "sha256:e3f60a94fa066dc52ec76661e37c851cb232d92f9886b15cb560aaada2df8feb", size = 74596 }
wheels = [
    { url = "https://files.pythonhosted.org/packages/42/d7/1ec15b46af6af88f19b8e5ffea08fa375d433c998b8a7639e76935c14f1f/markdown_it_py-3.0.0-py3-none-any.whl", hash = "sha256:355216845c60bd96232cd8d8c40e8f9765cc86f46880e43a8fd22dc1a1a8cab1", size = 87528 },
]

[package.optional-dependencies]
linkify = [
    { name = "linkify-it-py" },
]
plugins = [
    { name = "mdit-py-plugins" },
]

[[package]]
name = "markupsafe"
version = "2.1.5"
source = { registry = "https://pypi.org/simple" }
sdist = { url = "https://files.pythonhosted.org/packages/87/5b/aae44c6655f3801e81aa3eef09dbbf012431987ba564d7231722f68df02d/MarkupSafe-2.1.5.tar.gz", hash = "sha256:d283d37a890ba4c1ae73ffadf8046435c76e7bc2247bbb63c00bd1a709c6544b", size = 19384 }

[[package]]
name = "mdit-py-plugins"
version = "0.4.2"
source = { registry = "https://pypi.org/simple" }
dependencies = [
    { name = "markdown-it-py" },
]
sdist = { url = "https://files.pythonhosted.org/packages/19/03/a2ecab526543b152300717cf232bb4bb8605b6edb946c845016fa9c9c9fd/mdit_py_plugins-0.4.2.tar.gz", hash = "sha256:5f2cd1fdb606ddf152d37ec30e46101a60512bc0e5fa1a7002c36647b09e26b5", size = 43542 }
wheels = [
    { url = "https://files.pythonhosted.org/packages/a7/f7/7782a043553ee469c1ff49cfa1cdace2d6bf99a1f333cf38676b3ddf30da/mdit_py_plugins-0.4.2-py3-none-any.whl", hash = "sha256:0c673c3f889399a33b95e88d2f0d111b4447bdfea7f237dab2d488f459835636", size = 55316 },
]

[[package]]
name = "mdurl"
version = "0.1.2"
source = { registry = "https://pypi.org/simple" }
sdist = { url = "https://files.pythonhosted.org/packages/d6/54/cfe61301667036ec958cb99bd3efefba235e65cdeb9c84d24a8293ba1d90/mdurl-0.1.2.tar.gz", hash = "sha256:bb413d29f5eea38f31dd4754dd7377d4465116fb207585f97bf925588687c1ba", size = 8729 }
wheels = [
    { url = "https://files.pythonhosted.org/packages/b3/38/89ba8ad64ae25be8de66a6d463314cf1eb366222074cfda9ee839c56a4b4/mdurl-0.1.2-py3-none-any.whl", hash = "sha256:84008a41e51615a49fc9966191ff91509e3c40b939176e643fd50a5c2196b8f8", size = 9979 },
]

[[package]]
name = "msgpack"
version = "1.1.0"
source = { registry = "https://pypi.org/simple" }
sdist = { url = "https://files.pythonhosted.org/packages/cb/d0/7555686ae7ff5731205df1012ede15dd9d927f6227ea151e901c7406af4f/msgpack-1.1.0.tar.gz", hash = "sha256:dd432ccc2c72b914e4cb77afce64aab761c1137cc698be3984eee260bcb2896e", size = 167260 }
wheels = [
    { url = "https://files.pythonhosted.org/packages/c8/b0/380f5f639543a4ac413e969109978feb1f3c66e931068f91ab6ab0f8be00/msgpack-1.1.0-cp313-cp313-macosx_10_13_universal2.whl", hash = "sha256:071603e2f0771c45ad9bc65719291c568d4edf120b44eb36324dcb02a13bfddf", size = 151142 },
    { url = "https://files.pythonhosted.org/packages/c8/ee/be57e9702400a6cb2606883d55b05784fada898dfc7fd12608ab1fdb054e/msgpack-1.1.0-cp313-cp313-macosx_10_13_x86_64.whl", hash = "sha256:0f92a83b84e7c0749e3f12821949d79485971f087604178026085f60ce109330", size = 84523 },
    { url = "https://files.pythonhosted.org/packages/7e/3a/2919f63acca3c119565449681ad08a2f84b2171ddfcff1dba6959db2cceb/msgpack-1.1.0-cp313-cp313-macosx_11_0_arm64.whl", hash = "sha256:4a1964df7b81285d00a84da4e70cb1383f2e665e0f1f2a7027e683956d04b734", size = 81556 },
    { url = "https://files.pythonhosted.org/packages/7c/43/a11113d9e5c1498c145a8925768ea2d5fce7cbab15c99cda655aa09947ed/msgpack-1.1.0-cp313-cp313-manylinux_2_17_aarch64.manylinux2014_aarch64.whl", hash = "sha256:59caf6a4ed0d164055ccff8fe31eddc0ebc07cf7326a2aaa0dbf7a4001cd823e", size = 392105 },
    { url = "https://files.pythonhosted.org/packages/2d/7b/2c1d74ca6c94f70a1add74a8393a0138172207dc5de6fc6269483519d048/msgpack-1.1.0-cp313-cp313-manylinux_2_17_x86_64.manylinux2014_x86_64.whl", hash = "sha256:0907e1a7119b337971a689153665764adc34e89175f9a34793307d9def08e6ca", size = 399979 },
    { url = "https://files.pythonhosted.org/packages/82/8c/cf64ae518c7b8efc763ca1f1348a96f0e37150061e777a8ea5430b413a74/msgpack-1.1.0-cp313-cp313-manylinux_2_5_i686.manylinux1_i686.manylinux_2_17_i686.manylinux2014_i686.whl", hash = "sha256:65553c9b6da8166e819a6aa90ad15288599b340f91d18f60b2061f402b9a4915", size = 383816 },
    { url = "https://files.pythonhosted.org/packages/69/86/a847ef7a0f5ef3fa94ae20f52a4cacf596a4e4a010197fbcc27744eb9a83/msgpack-1.1.0-cp313-cp313-musllinux_1_2_aarch64.whl", hash = "sha256:7a946a8992941fea80ed4beae6bff74ffd7ee129a90b4dd5cf9c476a30e9708d", size = 380973 },
    { url = "https://files.pythonhosted.org/packages/aa/90/c74cf6e1126faa93185d3b830ee97246ecc4fe12cf9d2d31318ee4246994/msgpack-1.1.0-cp313-cp313-musllinux_1_2_i686.whl", hash = "sha256:4b51405e36e075193bc051315dbf29168d6141ae2500ba8cd80a522964e31434", size = 387435 },
    { url = "https://files.pythonhosted.org/packages/7a/40/631c238f1f338eb09f4acb0f34ab5862c4e9d7eda11c1b685471a4c5ea37/msgpack-1.1.0-cp313-cp313-musllinux_1_2_x86_64.whl", hash = "sha256:b4c01941fd2ff87c2a934ee6055bda4ed353a7846b8d4f341c428109e9fcde8c", size = 399082 },
    { url = "https://files.pythonhosted.org/packages/e9/1b/fa8a952be252a1555ed39f97c06778e3aeb9123aa4cccc0fd2acd0b4e315/msgpack-1.1.0-cp313-cp313-win32.whl", hash = "sha256:7c9a35ce2c2573bada929e0b7b3576de647b0defbd25f5139dcdaba0ae35a4cc", size = 69037 },
    { url = "https://files.pythonhosted.org/packages/b6/bc/8bd826dd03e022153bfa1766dcdec4976d6c818865ed54223d71f07862b3/msgpack-1.1.0-cp313-cp313-win_amd64.whl", hash = "sha256:bce7d9e614a04d0883af0b3d4d501171fbfca038f12c77fa838d9f198147a23f", size = 75140 },
]

[[package]]
name = "multidict"
version = "6.1.0"
source = { registry = "https://pypi.org/simple" }
sdist = { url = "https://files.pythonhosted.org/packages/d6/be/504b89a5e9ca731cd47487e91c469064f8ae5af93b7259758dcfc2b9c848/multidict-6.1.0.tar.gz", hash = "sha256:22ae2ebf9b0c69d206c003e2f6a914ea33f0a932d4aa16f236afc049d9958f4a", size = 64002 }
wheels = [
    { url = "https://files.pythonhosted.org/packages/22/67/1c7c0f39fe069aa4e5d794f323be24bf4d33d62d2a348acdb7991f8f30db/multidict-6.1.0-cp313-cp313-macosx_10_13_universal2.whl", hash = "sha256:d569388c381b24671589335a3be6e1d45546c2988c2ebe30fdcada8457a31008", size = 48771 },
    { url = "https://files.pythonhosted.org/packages/3c/25/c186ee7b212bdf0df2519eacfb1981a017bda34392c67542c274651daf23/multidict-6.1.0-cp313-cp313-macosx_10_13_x86_64.whl", hash = "sha256:052e10d2d37810b99cc170b785945421141bf7bb7d2f8799d431e7db229c385f", size = 29533 },
    { url = "https://files.pythonhosted.org/packages/67/5e/04575fd837e0958e324ca035b339cea174554f6f641d3fb2b4f2e7ff44a2/multidict-6.1.0-cp313-cp313-macosx_11_0_arm64.whl", hash = "sha256:f90c822a402cb865e396a504f9fc8173ef34212a342d92e362ca498cad308e28", size = 29595 },
    { url = "https://files.pythonhosted.org/packages/d3/b2/e56388f86663810c07cfe4a3c3d87227f3811eeb2d08450b9e5d19d78876/multidict-6.1.0-cp313-cp313-manylinux_2_17_aarch64.manylinux2014_aarch64.whl", hash = "sha256:b225d95519a5bf73860323e633a664b0d85ad3d5bede6d30d95b35d4dfe8805b", size = 130094 },
    { url = "https://files.pythonhosted.org/packages/6c/ee/30ae9b4186a644d284543d55d491fbd4239b015d36b23fea43b4c94f7052/multidict-6.1.0-cp313-cp313-manylinux_2_17_ppc64le.manylinux2014_ppc64le.whl", hash = "sha256:23bfd518810af7de1116313ebd9092cb9aa629beb12f6ed631ad53356ed6b86c", size = 134876 },
    { url = "https://files.pythonhosted.org/packages/84/c7/70461c13ba8ce3c779503c70ec9d0345ae84de04521c1f45a04d5f48943d/multidict-6.1.0-cp313-cp313-manylinux_2_17_s390x.manylinux2014_s390x.whl", hash = "sha256:5c09fcfdccdd0b57867577b719c69e347a436b86cd83747f179dbf0cc0d4c1f3", size = 133500 },
    { url = "https://files.pythonhosted.org/packages/4a/9f/002af221253f10f99959561123fae676148dd730e2daa2cd053846a58507/multidict-6.1.0-cp313-cp313-manylinux_2_17_x86_64.manylinux2014_x86_64.whl", hash = "sha256:bf6bea52ec97e95560af5ae576bdac3aa3aae0b6758c6efa115236d9e07dae44", size = 131099 },
    { url = "https://files.pythonhosted.org/packages/82/42/d1c7a7301d52af79d88548a97e297f9d99c961ad76bbe6f67442bb77f097/multidict-6.1.0-cp313-cp313-manylinux_2_5_i686.manylinux1_i686.manylinux_2_17_i686.manylinux2014_i686.whl", hash = "sha256:57feec87371dbb3520da6192213c7d6fc892d5589a93db548331954de8248fd2", size = 120403 },
    { url = "https://files.pythonhosted.org/packages/68/f3/471985c2c7ac707547553e8f37cff5158030d36bdec4414cb825fbaa5327/multidict-6.1.0-cp313-cp313-musllinux_1_2_aarch64.whl", hash = "sha256:0c3f390dc53279cbc8ba976e5f8035eab997829066756d811616b652b00a23a3", size = 125348 },
    { url = "https://files.pythonhosted.org/packages/67/2c/e6df05c77e0e433c214ec1d21ddd203d9a4770a1f2866a8ca40a545869a0/multidict-6.1.0-cp313-cp313-musllinux_1_2_i686.whl", hash = "sha256:59bfeae4b25ec05b34f1956eaa1cb38032282cd4dfabc5056d0a1ec4d696d3aa", size = 119673 },
    { url = "https://files.pythonhosted.org/packages/c5/cd/bc8608fff06239c9fb333f9db7743a1b2eafe98c2666c9a196e867a3a0a4/multidict-6.1.0-cp313-cp313-musllinux_1_2_ppc64le.whl", hash = "sha256:b2f59caeaf7632cc633b5cf6fc449372b83bbdf0da4ae04d5be36118e46cc0aa", size = 129927 },
    { url = "https://files.pythonhosted.org/packages/44/8e/281b69b7bc84fc963a44dc6e0bbcc7150e517b91df368a27834299a526ac/multidict-6.1.0-cp313-cp313-musllinux_1_2_s390x.whl", hash = "sha256:37bb93b2178e02b7b618893990941900fd25b6b9ac0fa49931a40aecdf083fe4", size = 128711 },
    { url = "https://files.pythonhosted.org/packages/12/a4/63e7cd38ed29dd9f1881d5119f272c898ca92536cdb53ffe0843197f6c85/multidict-6.1.0-cp313-cp313-musllinux_1_2_x86_64.whl", hash = "sha256:4e9f48f58c2c523d5a06faea47866cd35b32655c46b443f163d08c6d0ddb17d6", size = 125519 },
    { url = "https://files.pythonhosted.org/packages/38/e0/4f5855037a72cd8a7a2f60a3952d9aa45feedb37ae7831642102604e8a37/multidict-6.1.0-cp313-cp313-win32.whl", hash = "sha256:3a37ffb35399029b45c6cc33640a92bef403c9fd388acce75cdc88f58bd19a81", size = 26426 },
    { url = "https://files.pythonhosted.org/packages/7e/a5/17ee3a4db1e310b7405f5d25834460073a8ccd86198ce044dfaf69eac073/multidict-6.1.0-cp313-cp313-win_amd64.whl", hash = "sha256:e9aa71e15d9d9beaad2c6b9319edcdc0a49a43ef5c0a4c8265ca9ee7d6c67774", size = 28531 },
    { url = "https://files.pythonhosted.org/packages/99/b7/b9e70fde2c0f0c9af4cc5277782a89b66d35948ea3369ec9f598358c3ac5/multidict-6.1.0-py3-none-any.whl", hash = "sha256:48e171e52d1c4d33888e529b999e5900356b9ae588c2f09a52dcefb158b27506", size = 10051 },
]

[[package]]
name = "nodejs-wheel-binaries"
version = "20.18.0"
source = { registry = "https://pypi.org/simple" }
sdist = { url = "https://files.pythonhosted.org/packages/b8/8b/119ab02492636261958f2b219471be193c58870a27072248053571e5a657/nodejs_wheel_binaries-20.18.0.tar.gz", hash = "sha256:1d574a3d0e503b42414e80b4529da9fc71104b0d5e1d75606b3fb5802960fb6f", size = 6933 }
wheels = [
    { url = "https://files.pythonhosted.org/packages/52/bd/3a87efc6c746487b9996515adf477a908f33dbd47b5a0865e4e0e1c8b11e/nodejs_wheel_binaries-20.18.0-py2.py3-none-macosx_10_15_x86_64.whl", hash = "sha256:74273eab1c2423c04d034d3f707f517da32d3a2b20ca244b5667f3a4e38003ac", size = 45323646 },
    { url = "https://files.pythonhosted.org/packages/03/b1/c07f24a759d7c9de5a7a56cdc60feb50739cdd4198822b077099698dcf35/nodejs_wheel_binaries-20.18.0-py2.py3-none-macosx_11_0_arm64.whl", hash = "sha256:f95fb0989dfc54fd6932850e589000a8d6fc902527cebe7afd747696561d94b8", size = 44670947 },
    { url = "https://files.pythonhosted.org/packages/81/ab/6e08de4aa76eefb144085a2c336488b4312516e0cfce1acee0e532450f8b/nodejs_wheel_binaries-20.18.0-py2.py3-none-manylinux_2_17_aarch64.manylinux2014_aarch64.whl", hash = "sha256:f62e38288d3a129b962dcba61b911d72b3d691935b8a2facfc0fa9433d9260b5", size = 49627957 },
    { url = "https://files.pythonhosted.org/packages/24/65/03e263c82c2513a1f165ee7669e677ebbb95b90c141a8407fc5f79acbbd4/nodejs_wheel_binaries-20.18.0-py2.py3-none-manylinux_2_17_x86_64.manylinux2014_x86_64.whl", hash = "sha256:33b138288dbeb9aafc6d54f43fbca6545b37e8fd9cbb8f68275ff2a47d4fed07", size = 49821713 },
    { url = "https://files.pythonhosted.org/packages/f5/f9/39bfe5d27c1cada5b940cb318865d71606ecf7ab6f4b5a696f76846b2217/nodejs_wheel_binaries-20.18.0-py2.py3-none-musllinux_1_2_x86_64.whl", hash = "sha256:bb4009d4d6abfb6765fabb62f322efdc520b6930d041af1d7f64d58445ce3e91", size = 51929574 },
    { url = "https://files.pythonhosted.org/packages/d0/90/921823227b4d49b9dadf9f38d072b5f28f883b0f83e697489de0f9c24674/nodejs_wheel_binaries-20.18.0-py2.py3-none-win_amd64.whl", hash = "sha256:51c0cecb429a111351a54346909e672a57b96233a363c79cc0a2bbdbfa397304", size = 33985033 },
]

[[package]]
name = "packaging"
version = "24.1"
source = { registry = "https://pypi.org/simple" }
sdist = { url = "https://files.pythonhosted.org/packages/51/65/50db4dda066951078f0a96cf12f4b9ada6e4b811516bf0262c0f4f7064d4/packaging-24.1.tar.gz", hash = "sha256:026ed72c8ed3fcce5bf8950572258698927fd1dbda10a5e981cdf0ac37f4f002", size = 148788 }
wheels = [
    { url = "https://files.pythonhosted.org/packages/08/aa/cc0199a5f0ad350994d660967a8efb233fe0416e4639146c089643407ce6/packaging-24.1-py3-none-any.whl", hash = "sha256:5b8f2217dbdbd2f7f384c41c628544e6d52f2d0f53c6d0c3ea61aa5d1d7ff124", size = 53985 },
]

[[package]]
name = "platformdirs"
version = "4.3.6"
source = { registry = "https://pypi.org/simple" }
sdist = { url = "https://files.pythonhosted.org/packages/13/fc/128cc9cb8f03208bdbf93d3aa862e16d376844a14f9a0ce5cf4507372de4/platformdirs-4.3.6.tar.gz", hash = "sha256:357fb2acbc885b0419afd3ce3ed34564c13c9b95c89360cd9563f73aa5e2b907", size = 21302 }
wheels = [
    { url = "https://files.pythonhosted.org/packages/3c/a6/bc1012356d8ece4d66dd75c4b9fc6c1f6650ddd5991e421177d9f8f671be/platformdirs-4.3.6-py3-none-any.whl", hash = "sha256:73e575e1408ab8103900836b97580d5307456908a03e92031bab39e4554cc3fb", size = 18439 },
]

[[package]]
name = "pluggy"
version = "1.5.0"
source = { registry = "https://pypi.org/simple" }
sdist = { url = "https://files.pythonhosted.org/packages/96/2d/02d4312c973c6050a18b314a5ad0b3210edb65a906f868e31c111dede4a6/pluggy-1.5.0.tar.gz", hash = "sha256:2cffa88e94fdc978c4c574f15f9e59b7f4201d439195c3715ca9e2486f1d0cf1", size = 67955 }
wheels = [
    { url = "https://files.pythonhosted.org/packages/88/5f/e351af9a41f866ac3f1fac4ca0613908d9a41741cfcf2228f4ad853b697d/pluggy-1.5.0-py3-none-any.whl", hash = "sha256:44e1ad92c8ca002de6377e165f3e0f1be63266ab4d554740532335b9d75ea669", size = 20556 },
]

[[package]]
name = "pygments"
version = "2.18.0"
source = { registry = "https://pypi.org/simple" }
sdist = { url = "https://files.pythonhosted.org/packages/8e/62/8336eff65bcbc8e4cb5d05b55faf041285951b6e80f33e2bff2024788f31/pygments-2.18.0.tar.gz", hash = "sha256:786ff802f32e91311bff3889f6e9a86e81505fe99f2735bb6d60ae0c5004f199", size = 4891905 }
wheels = [
    { url = "https://files.pythonhosted.org/packages/f7/3f/01c8b82017c199075f8f788d0d906b9ffbbc5a47dc9918a945e13d5a2bda/pygments-2.18.0-py3-none-any.whl", hash = "sha256:b8e6aca0523f3ab76fee51799c488e38782ac06eafcf95e7ba832985c8e7b13a", size = 1205513 },
]

[[package]]
name = "pytest"
version = "8.3.3"
source = { registry = "https://pypi.org/simple" }
dependencies = [
    { name = "colorama", marker = "sys_platform == 'win32'" },
    { name = "iniconfig" },
    { name = "packaging" },
    { name = "pluggy" },
]
sdist = { url = "https://files.pythonhosted.org/packages/8b/6c/62bbd536103af674e227c41a8f3dcd022d591f6eed5facb5a0f31ee33bbc/pytest-8.3.3.tar.gz", hash = "sha256:70b98107bd648308a7952b06e6ca9a50bc660be218d53c257cc1fc94fda10181", size = 1442487 }
wheels = [
    { url = "https://files.pythonhosted.org/packages/6b/77/7440a06a8ead44c7757a64362dd22df5760f9b12dc5f11b6188cd2fc27a0/pytest-8.3.3-py3-none-any.whl", hash = "sha256:a6853c7375b2663155079443d2e45de913a911a11d669df02a50814944db57b2", size = 342341 },
]

[[package]]
name = "rich"
version = "13.9.2"
source = { registry = "https://pypi.org/simple" }
dependencies = [
    { name = "markdown-it-py" },
    { name = "pygments" },
]
sdist = { url = "https://files.pythonhosted.org/packages/aa/9e/1784d15b057b0075e5136445aaea92d23955aad2c93eaede673718a40d95/rich-13.9.2.tar.gz", hash = "sha256:51a2c62057461aaf7152b4d611168f93a9fc73068f8ded2790f29fe2b5366d0c", size = 222843 }
wheels = [
    { url = "https://files.pythonhosted.org/packages/67/91/5474b84e505a6ccc295b2d322d90ff6aa0746745717839ee0c5fb4fdcceb/rich-13.9.2-py3-none-any.whl", hash = "sha256:8c82a3d3f8dcfe9e734771313e606b39d8247bb6b826e196f4914b333b743cf1", size = 242117 },
]

[[package]]
name = "ruff"
version = "0.6.9"
source = { registry = "https://pypi.org/simple" }
sdist = { url = "https://files.pythonhosted.org/packages/26/0d/6148a48dab5662ca1d5a93b7c0d13c03abd3cc7e2f35db08410e47cef15d/ruff-0.6.9.tar.gz", hash = "sha256:b076ef717a8e5bc819514ee1d602bbdca5b4420ae13a9cf61a0c0a4f53a2baa2", size = 3095355 }
wheels = [
    { url = "https://files.pythonhosted.org/packages/6e/8f/f7a0a0ef1818662efb32ed6df16078c95da7a0a3248d64c2410c1e27799f/ruff-0.6.9-py3-none-linux_armv6l.whl", hash = "sha256:064df58d84ccc0ac0fcd63bc3090b251d90e2a372558c0f057c3f75ed73e1ccd", size = 10440526 },
    { url = "https://files.pythonhosted.org/packages/8b/69/b179a5faf936a9e2ab45bb412a668e4661eded964ccfa19d533f29463ef6/ruff-0.6.9-py3-none-macosx_10_12_x86_64.whl", hash = "sha256:140d4b5c9f5fc7a7b074908a78ab8d384dd7f6510402267bc76c37195c02a7ec", size = 10034612 },
    { url = "https://files.pythonhosted.org/packages/c7/ef/fd1b4be979c579d191eeac37b5cfc0ec906de72c8bcd8595e2c81bb700c1/ruff-0.6.9-py3-none-macosx_11_0_arm64.whl", hash = "sha256:53fd8ca5e82bdee8da7f506d7b03a261f24cd43d090ea9db9a1dc59d9313914c", size = 9706197 },
    { url = "https://files.pythonhosted.org/packages/29/61/b376d775deb5851cb48d893c568b511a6d3625ef2c129ad5698b64fb523c/ruff-0.6.9-py3-none-manylinux_2_17_aarch64.manylinux2014_aarch64.whl", hash = "sha256:645d7d8761f915e48a00d4ecc3686969761df69fb561dd914a773c1a8266e14e", size = 10751855 },
    { url = "https://files.pythonhosted.org/packages/13/d7/def9e5f446d75b9a9c19b24231a3a658c075d79163b08582e56fa5dcfa38/ruff-0.6.9-py3-none-manylinux_2_17_armv7l.manylinux2014_armv7l.whl", hash = "sha256:eae02b700763e3847595b9d2891488989cac00214da7f845f4bcf2989007d577", size = 10200889 },
    { url = "https://files.pythonhosted.org/packages/6c/d6/7f34160818bcb6e84ce293a5966cba368d9112ff0289b273fbb689046047/ruff-0.6.9-py3-none-manylinux_2_17_i686.manylinux2014_i686.whl", hash = "sha256:7d5ccc9e58112441de8ad4b29dcb7a86dc25c5f770e3c06a9d57e0e5eba48829", size = 11038678 },
    { url = "https://files.pythonhosted.org/packages/13/34/a40ff8ae62fb1b26fb8e6fa7e64bc0e0a834b47317880de22edd6bfb54fb/ruff-0.6.9-py3-none-manylinux_2_17_ppc64.manylinux2014_ppc64.whl", hash = "sha256:417b81aa1c9b60b2f8edc463c58363075412866ae4e2b9ab0f690dc1e87ac1b5", size = 11808682 },
    { url = "https://files.pythonhosted.org/packages/2e/6d/25a4386ae4009fc798bd10ba48c942d1b0b3e459b5403028f1214b6dd161/ruff-0.6.9-py3-none-manylinux_2_17_ppc64le.manylinux2014_ppc64le.whl", hash = "sha256:3c866b631f5fbce896a74a6e4383407ba7507b815ccc52bcedabb6810fdb3ef7", size = 11330446 },
    { url = "https://files.pythonhosted.org/packages/f7/f6/bdf891a9200d692c94ebcd06ae5a2fa5894e522f2c66c2a12dd5d8cb2654/ruff-0.6.9-py3-none-manylinux_2_17_s390x.manylinux2014_s390x.whl", hash = "sha256:7b118afbb3202f5911486ad52da86d1d52305b59e7ef2031cea3425142b97d6f", size = 12483048 },
    { url = "https://files.pythonhosted.org/packages/a7/86/96f4252f41840e325b3fa6c48297e661abb9f564bd7dcc0572398c8daa42/ruff-0.6.9-py3-none-manylinux_2_17_x86_64.manylinux2014_x86_64.whl", hash = "sha256:a67267654edc23c97335586774790cde402fb6bbdb3c2314f1fc087dee320bfa", size = 10936855 },
    { url = "https://files.pythonhosted.org/packages/45/87/801a52d26c8dbf73424238e9908b9ceac430d903c8ef35eab1b44fcfa2bd/ruff-0.6.9-py3-none-musllinux_1_2_aarch64.whl", hash = "sha256:3ef0cc774b00fec123f635ce5c547dac263f6ee9fb9cc83437c5904183b55ceb", size = 10713007 },
    { url = "https://files.pythonhosted.org/packages/be/27/6f7161d90320a389695e32b6ebdbfbedde28ccbf52451e4b723d7ce744ad/ruff-0.6.9-py3-none-musllinux_1_2_armv7l.whl", hash = "sha256:12edd2af0c60fa61ff31cefb90aef4288ac4d372b4962c2864aeea3a1a2460c0", size = 10274594 },
    { url = "https://files.pythonhosted.org/packages/00/52/dc311775e7b5f5b19831563cb1572ecce63e62681bccc609867711fae317/ruff-0.6.9-py3-none-musllinux_1_2_i686.whl", hash = "sha256:55bb01caeaf3a60b2b2bba07308a02fca6ab56233302406ed5245180a05c5625", size = 10608024 },
    { url = "https://files.pythonhosted.org/packages/98/b6/be0a1ddcbac65a30c985cf7224c4fce786ba2c51e7efeb5178fe410ed3cf/ruff-0.6.9-py3-none-musllinux_1_2_x86_64.whl", hash = "sha256:925d26471fa24b0ce5a6cdfab1bb526fb4159952385f386bdcc643813d472039", size = 10982085 },
    { url = "https://files.pythonhosted.org/packages/bb/a4/c84bc13d0b573cf7bb7d17b16d6d29f84267c92d79b2f478d4ce322e8e72/ruff-0.6.9-py3-none-win32.whl", hash = "sha256:eb61ec9bdb2506cffd492e05ac40e5bc6284873aceb605503d8494180d6fc84d", size = 8522088 },
    { url = "https://files.pythonhosted.org/packages/74/be/fc352bd8ca40daae8740b54c1c3e905a7efe470d420a268cd62150248c91/ruff-0.6.9-py3-none-win_amd64.whl", hash = "sha256:785d31851c1ae91f45b3d8fe23b8ae4b5170089021fbb42402d811135f0b7117", size = 9359275 },
    { url = "https://files.pythonhosted.org/packages/3e/14/fd026bc74ded05e2351681545a5f626e78ef831f8edce064d61acd2e6ec7/ruff-0.6.9-py3-none-win_arm64.whl", hash = "sha256:a9641e31476d601f83cd602608739a0840e348bda93fec9f1ee816f8b6798b93", size = 8679879 },
]

[[package]]
name = "textual"
version = "0.82.0"
source = { registry = "https://pypi.org/simple" }
dependencies = [
    { name = "markdown-it-py", extra = ["linkify", "plugins"] },
    { name = "platformdirs" },
    { name = "rich" },
    { name = "typing-extensions" },
]
sdist = { url = "https://files.pythonhosted.org/packages/b6/cb/dd7d1653ef6a6b90b6594548c0746a20dda15ea7301682ead732f9e10064/textual-0.82.0.tar.gz", hash = "sha256:db93a2bb3ba9fdb2a536272cd5c8144c9c9682df0370a99361b670c6191b0a4d", size = 1445662 }
wheels = [
    { url = "https://files.pythonhosted.org/packages/83/3d/24a43d392cfcf8024d661a94d6b54ef687105c4ab78c3b74332e96fa4d37/textual-0.82.0-py3-none-any.whl", hash = "sha256:4ce00dc898fab3a829aa835071f4e8284aad57f13870e871d0ac516cc34b3645", size = 599133 },
]

[[package]]
name = "textual-dev"
version = "1.6.1"
source = { registry = "https://pypi.org/simple" }
dependencies = [
    { name = "aiohttp" },
    { name = "click" },
    { name = "msgpack" },
    { name = "textual" },
    { name = "textual-serve" },
    { name = "typing-extensions" },
]
sdist = { url = "https://files.pythonhosted.org/packages/ff/85/93a28974fd75aa941b0aac415fc430bf693a91b219a25dc9447f1bd83338/textual_dev-1.6.1.tar.gz", hash = "sha256:0d0d4523a09566bae56eb9ebc4fcbb09069d0f335448e6b9b10dd2d805606bd8", size = 25624 }
wheels = [
    { url = "https://files.pythonhosted.org/packages/6b/aa/c89ce57be40847eebab57184a7223735ac56ee2063400c363a74d5e7a18e/textual_dev-1.6.1-py3-none-any.whl", hash = "sha256:de93279da6dd0772be88a83e494be1bc895df0a0c3e47bcd48fa1acb1a83a34b", size = 26853 },
]

[[package]]
name = "textual-serve"
version = "1.1.1"
source = { registry = "https://pypi.org/simple" }
dependencies = [
    { name = "aiohttp" },
    { name = "aiohttp-jinja2" },
    { name = "jinja2" },
    { name = "rich" },
    { name = "textual" },
]
sdist = { url = "https://files.pythonhosted.org/packages/18/6c/57248070f525ea8a9a02d9f58dc2747c609b615b0bda1306aaeb80a233bd/textual_serve-1.1.1.tar.gz", hash = "sha256:71c662472c462e5e368defc660ee6e8eae3bfda88ca40c050c55474686eb0c54", size = 445957 }
wheels = [
    { url = "https://files.pythonhosted.org/packages/07/a9/01d35770fde8d889e1fe28b726188cf28801e57afd369c614cd2bc100ee4/textual_serve-1.1.1-py3-none-any.whl", hash = "sha256:568782f1c0e60e3f7039d9121e1cb5c2f4ca1aaf6d6bd7aeb833d5763a534cb2", size = 445034 },
]

[[package]]
name = "typing-extensions"
version = "4.12.2"
source = { registry = "https://pypi.org/simple" }
sdist = { url = "https://files.pythonhosted.org/packages/df/db/f35a00659bc03fec321ba8bce9420de607a1d37f8342eee1863174c69557/typing_extensions-4.12.2.tar.gz", hash = "sha256:1a7ead55c7e559dd4dee8856e3a88b41225abfe1ce8df57b7c13915fe121ffb8", size = 85321 }
wheels = [
    { url = "https://files.pythonhosted.org/packages/26/9f/ad63fc0248c5379346306f8668cda6e2e2e9c95e01216d2b8ffd9ff037d0/typing_extensions-4.12.2-py3-none-any.whl", hash = "sha256:04e5ca0351e0f3f85c6853954072df659d0d13fac324d0072316b67d7794700d", size = 37438 },
]

[[package]]
name = "uc-micro-py"
version = "1.0.3"
source = { registry = "https://pypi.org/simple" }
sdist = { url = "https://files.pythonhosted.org/packages/91/7a/146a99696aee0609e3712f2b44c6274566bc368dfe8375191278045186b8/uc-micro-py-1.0.3.tar.gz", hash = "sha256:d321b92cff673ec58027c04015fcaa8bb1e005478643ff4a500882eaab88c48a", size = 6043 }
wheels = [
    { url = "https://files.pythonhosted.org/packages/37/87/1f677586e8ac487e29672e4b17455758fce261de06a0d086167bb760361a/uc_micro_py-1.0.3-py3-none-any.whl", hash = "sha256:db1dffff340817673d7b466ec86114a9dc0e9d4d9b5ba229d9d60e5c12600cd5", size = 6229 },
]

[[package]]
name = "yarl"
version = "1.13.1"
source = { registry = "https://pypi.org/simple" }
dependencies = [
    { name = "idna" },
    { name = "multidict" },
]
sdist = { url = "https://files.pythonhosted.org/packages/e0/11/2b8334f4192646677a2e7da435670d043f536088af943ec242f31453e5ba/yarl-1.13.1.tar.gz", hash = "sha256:ec8cfe2295f3e5e44c51f57272afbd69414ae629ec7c6b27f5a410efc78b70a0", size = 165912 }
wheels = [
    { url = "https://files.pythonhosted.org/packages/d3/d2/9542e6207a6e64c32b14b2d9ca4fad6ff80310fc75e70cdbe31680a758c2/yarl-1.13.1-cp313-cp313-macosx_10_13_universal2.whl", hash = "sha256:95c6737f28069153c399d875317f226bbdea939fd48a6349a3b03da6829fb550", size = 186266 },
    { url = "https://files.pythonhosted.org/packages/8b/68/4c6d1aacbc23a05e84c3fab7aaa68c5a7d4531290021c2370fa1e5524fb1/yarl-1.13.1-cp313-cp313-macosx_10_13_x86_64.whl", hash = "sha256:cd66152561632ed4b2a9192e7f8e5a1d41e28f58120b4761622e0355f0fe034c", size = 114268 },
    { url = "https://files.pythonhosted.org/packages/ed/87/6ad8e22c918d745092329ec427c0778b5c85ffd5b805e38750024b7464f2/yarl-1.13.1-cp313-cp313-macosx_11_0_arm64.whl", hash = "sha256:6a2acde25be0cf9be23a8f6cbd31734536a264723fca860af3ae5e89d771cd71", size = 112164 },
    { url = "https://files.pythonhosted.org/packages/ca/5b/c6c4ac4be1edea6759f05ad74d87a1c61329737bdb90da5f66e188310461/yarl-1.13.1-cp313-cp313-manylinux_2_17_aarch64.manylinux2014_aarch64.whl", hash = "sha256:9a18595e6a2ee0826bf7dfdee823b6ab55c9b70e8f80f8b77c37e694288f5de1", size = 471437 },
    { url = "https://files.pythonhosted.org/packages/c1/5c/ec7f0121a5fa67ee76325e1aaa27470d5521d80a25aa1bad5dde773edbe1/yarl-1.13.1-cp313-cp313-manylinux_2_17_ppc64le.manylinux2014_ppc64le.whl", hash = "sha256:a31d21089894942f7d9a8df166b495101b7258ff11ae0abec58e32daf8088813", size = 485894 },
    { url = "https://files.pythonhosted.org/packages/d7/e8/624fc8082cbff62c537798ce837a6044f70e2e00472ab719deb376ff6e39/yarl-1.13.1-cp313-cp313-manylinux_2_17_s390x.manylinux2014_s390x.whl", hash = "sha256:45f209fb4bbfe8630e3d2e2052535ca5b53d4ce2d2026bed4d0637b0416830da", size = 486702 },
    { url = "https://files.pythonhosted.org/packages/dc/18/013f7d2e3f0ff28b85299ed19164f899ea4f02da8812621a40937428bf48/yarl-1.13.1-cp313-cp313-manylinux_2_17_x86_64.manylinux2014_x86_64.whl", hash = "sha256:8f722f30366474a99745533cc4015b1781ee54b08de73260b2bbe13316079851", size = 478911 },
    { url = "https://files.pythonhosted.org/packages/d7/3c/5b628939e3a22fb9375df453188e97190d21f6244c49637e19799896cd41/yarl-1.13.1-cp313-cp313-manylinux_2_5_i686.manylinux1_i686.manylinux_2_17_i686.manylinux2014_i686.whl", hash = "sha256:f3bf60444269345d712838bb11cc4eadaf51ff1a364ae39ce87a5ca8ad3bb2c8", size = 456488 },
    { url = "https://files.pythonhosted.org/packages/8b/2b/a3548db86510c1d95bff344c1c588b84582eeb3a55ea15a149a24d7069f0/yarl-1.13.1-cp313-cp313-musllinux_1_2_aarch64.whl", hash = "sha256:942c80a832a79c3707cca46bd12ab8aa58fddb34b1626d42b05aa8f0bcefc206", size = 475016 },
    { url = "https://files.pythonhosted.org/packages/d8/e2/e2a540f18f849909e3ee594766bf7b0a7fde176ff0cfb2f95121033752e2/yarl-1.13.1-cp313-cp313-musllinux_1_2_i686.whl", hash = "sha256:44b07e1690f010c3c01d353b5790ec73b2f59b4eae5b0000593199766b3f7a5c", size = 477521 },
    { url = "https://files.pythonhosted.org/packages/3a/df/4cda4052da48a57ce4f20a0849b7344902aa3e149a0b409525509fc43985/yarl-1.13.1-cp313-cp313-musllinux_1_2_ppc64le.whl", hash = "sha256:396e59b8de7e4d59ff5507fb4322d2329865b909f29a7ed7ca37e63ade7f835c", size = 492000 },
    { url = "https://files.pythonhosted.org/packages/bf/b6/180dbb0aa846cafb9ce89bd33c477e200dd00072c7775372f34651c20b9a/yarl-1.13.1-cp313-cp313-musllinux_1_2_s390x.whl", hash = "sha256:3bb83a0f12701c0b91112a11148b5217617982e1e466069d0555be9b372f2734", size = 502195 },
    { url = "https://files.pythonhosted.org/packages/ff/37/e97c280344342e326a1860a70054a0488c379e8937325f97f9a9fe6b453d/yarl-1.13.1-cp313-cp313-musllinux_1_2_x86_64.whl", hash = "sha256:c92b89bffc660f1274779cb6fbb290ec1f90d6dfe14492523a0667f10170de26", size = 492892 },
    { url = "https://files.pythonhosted.org/packages/ed/97/cd35f39ba8183ef193a6709aa0b2fcaabebd6915202d6999b01fa630b2bb/yarl-1.13.1-cp313-cp313-win32.whl", hash = "sha256:269c201bbc01d2cbba5b86997a1e0f73ba5e2f471cfa6e226bcaa7fd664b598d", size = 486463 },
    { url = "https://files.pythonhosted.org/packages/05/33/bd9d33503a0f73d095b01ed438423b924e6786e90102ca4912e573cc5aa3/yarl-1.13.1-cp313-cp313-win_amd64.whl", hash = "sha256:1d0828e17fa701b557c6eaed5edbd9098eb62d8838344486248489ff233998b8", size = 493804 },
    { url = "https://files.pythonhosted.org/packages/74/81/419c24f7c94f56b96d04955482efb5b381635ad265b5b7fbab333a9dfde3/yarl-1.13.1-py3-none-any.whl", hash = "sha256:6a5185ad722ab4dd52d5fb1f30dcc73282eb1ed494906a92d1a228d3f89607b0", size = 39862 },
]
